// !$*UTF8*$!
{
	archiveVersion = 1;
	classes = {
	};
	objectVersion = 50;
	objects = {

/* Begin PBXBuildFile section */
		10C5ADB723CD8621002DC54E /* AppDelegate.swift in Sources */ = {isa = PBXBuildFile; fileRef = 10C5ADB623CD8621002DC54E /* AppDelegate.swift */; };
		10C5ADB923CD8621002DC54E /* SceneDelegate.swift in Sources */ = {isa = PBXBuildFile; fileRef = 10C5ADB823CD8621002DC54E /* SceneDelegate.swift */; };
		10C5ADBB23CD8621002DC54E /* ViewController.swift in Sources */ = {isa = PBXBuildFile; fileRef = 10C5ADBA23CD8621002DC54E /* ViewController.swift */; };
		10C5ADBE23CD8621002DC54E /* Main.storyboard in Resources */ = {isa = PBXBuildFile; fileRef = 10C5ADBC23CD8621002DC54E /* Main.storyboard */; };
		10C5ADC023CD8623002DC54E /* Assets.xcassets in Resources */ = {isa = PBXBuildFile; fileRef = 10C5ADBF23CD8623002DC54E /* Assets.xcassets */; };
		10C5ADC323CD8623002DC54E /* LaunchScreen.storyboard in Resources */ = {isa = PBXBuildFile; fileRef = 10C5ADC123CD8623002DC54E /* LaunchScreen.storyboard */; };
		10C5ADCB23CD86AA002DC54E /* GoogleService-Info.plist in Resources */ = {isa = PBXBuildFile; fileRef = 10C5ADCA23CD86AA002DC54E /* GoogleService-Info.plist */; };
		A6E217DC709732ED3DA57B81 /* Pods_Snapchat_Clone.framework in Frameworks */ = {isa = PBXBuildFile; fileRef = C5F1184389C0CD4410211834 /* Pods_Snapchat_Clone.framework */; };
/* End PBXBuildFile section */

/* Begin PBXFileReference section */
		10C5ADB323CD8621002DC54E /* Snapchat Clone.app */ = {isa = PBXFileReference; explicitFileType = wrapper.application; includeInIndex = 0; path = "Snapchat Clone.app"; sourceTree = BUILT_PRODUCTS_DIR; };
		10C5ADB623CD8621002DC54E /* AppDelegate.swift */ = {isa = PBXFileReference; lastKnownFileType = sourcecode.swift; path = AppDelegate.swift; sourceTree = "<group>"; };
		10C5ADB823CD8621002DC54E /* SceneDelegate.swift */ = {isa = PBXFileReference; lastKnownFileType = sourcecode.swift; path = SceneDelegate.swift; sourceTree = "<group>"; };
		10C5ADBA23CD8621002DC54E /* ViewController.swift */ = {isa = PBXFileReference; lastKnownFileType = sourcecode.swift; path = ViewController.swift; sourceTree = "<group>"; };
		10C5ADBD23CD8621002DC54E /* Base */ = {isa = PBXFileReference; lastKnownFileType = file.storyboard; name = Base; path = Base.lproj/Main.storyboard; sourceTree = "<group>"; };
		10C5ADBF23CD8623002DC54E /* Assets.xcassets */ = {isa = PBXFileReference; lastKnownFileType = folder.assetcatalog; path = Assets.xcassets; sourceTree = "<group>"; };
		10C5ADC223CD8623002DC54E /* Base */ = {isa = PBXFileReference; lastKnownFileType = file.storyboard; name = Base; path = Base.lproj/LaunchScreen.storyboard; sourceTree = "<group>"; };
		10C5ADC423CD8623002DC54E /* Info.plist */ = {isa = PBXFileReference; lastKnownFileType = text.plist.xml; path = Info.plist; sourceTree = "<group>"; };
		10C5ADCA23CD86AA002DC54E /* GoogleService-Info.plist */ = {isa = PBXFileReference; fileEncoding = 4; lastKnownFileType = text.plist.xml; path = "GoogleService-Info.plist"; sourceTree = "<group>"; };
		185E711461D16A50D23281DE /* Pods-Snapchat Clone.debug.xcconfig */ = {isa = PBXFileReference; includeInIndex = 1; lastKnownFileType = text.xcconfig; name = "Pods-Snapchat Clone.debug.xcconfig"; path = "Target Support Files/Pods-Snapchat Clone/Pods-Snapchat Clone.debug.xcconfig"; sourceTree = "<group>"; };
		64C5097E8958FDC7E0AA8424 /* Pods-Snapchat Clone.release.xcconfig */ = {isa = PBXFileReference; includeInIndex = 1; lastKnownFileType = text.xcconfig; name = "Pods-Snapchat Clone.release.xcconfig"; path = "Target Support Files/Pods-Snapchat Clone/Pods-Snapchat Clone.release.xcconfig"; sourceTree = "<group>"; };
		C5F1184389C0CD4410211834 /* Pods_Snapchat_Clone.framework */ = {isa = PBXFileReference; explicitFileType = wrapper.framework; includeInIndex = 0; path = Pods_Snapchat_Clone.framework; sourceTree = BUILT_PRODUCTS_DIR; };
/* End PBXFileReference section */

/* Begin PBXFrameworksBuildPhase section */
		10C5ADB023CD8621002DC54E /* Frameworks */ = {
			isa = PBXFrameworksBuildPhase;
			buildActionMask = 2147483647;
			files = (
				A6E217DC709732ED3DA57B81 /* Pods_Snapchat_Clone.framework in Frameworks */,
			);
			runOnlyForDeploymentPostprocessing = 0;
		};
/* End PBXFrameworksBuildPhase section */

/* Begin PBXGroup section */
		0BE1445FDB0B139D4ED0640F /* Frameworks */ = {
			isa = PBXGroup;
			children = (
				C5F1184389C0CD4410211834 /* Pods_Snapchat_Clone.framework */,
			);
			name = Frameworks;
			sourceTree = "<group>";
		};
		10C5ADAA23CD8621002DC54E = {
			isa = PBXGroup;
			children = (
				10C5ADB523CD8621002DC54E /* Snapchat Clone */,
				10C5ADB423CD8621002DC54E /* Products */,
				76656AF9919570D8C09DE2B7 /* Pods */,
				0BE1445FDB0B139D4ED0640F /* Frameworks */,
			);
			sourceTree = "<group>";
		};
		10C5ADB423CD8621002DC54E /* Products */ = {
			isa = PBXGroup;
			children = (
				10C5ADB323CD8621002DC54E /* Snapchat Clone.app */,
			);
			name = Products;
			sourceTree = "<group>";
		};
		10C5ADB523CD8621002DC54E /* Snapchat Clone */ = {
			isa = PBXGroup;
			children = (
				10C5ADB623CD8621002DC54E /* AppDelegate.swift */,
				10C5ADB823CD8621002DC54E /* SceneDelegate.swift */,
				10C5ADBA23CD8621002DC54E /* ViewController.swift */,
				10C5ADBC23CD8621002DC54E /* Main.storyboard */,
				10C5ADBF23CD8623002DC54E /* Assets.xcassets */,
				10C5ADC123CD8623002DC54E /* LaunchScreen.storyboard */,
				10C5ADCA23CD86AA002DC54E /* GoogleService-Info.plist */,
				10C5ADC423CD8623002DC54E /* Info.plist */,
			);
			path = "Snapchat Clone";
			sourceTree = "<group>";
		};
		76656AF9919570D8C09DE2B7 /* Pods */ = {
			isa = PBXGroup;
			children = (
				185E711461D16A50D23281DE /* Pods-Snapchat Clone.debug.xcconfig */,
				64C5097E8958FDC7E0AA8424 /* Pods-Snapchat Clone.release.xcconfig */,
			);
			name = Pods;
			path = Pods;
			sourceTree = "<group>";
		};
/* End PBXGroup section */

/* Begin PBXNativeTarget section */
		10C5ADB223CD8621002DC54E /* Snapchat Clone */ = {
			isa = PBXNativeTarget;
			buildConfigurationList = 10C5ADC723CD8623002DC54E /* Build configuration list for PBXNativeTarget "Snapchat Clone" */;
			buildPhases = (
				F15E53C7121882CFC7896E35 /* [CP] Check Pods Manifest.lock */,
				10C5ADAF23CD8621002DC54E /* Sources */,
				10C5ADB023CD8621002DC54E /* Frameworks */,
				10C5ADB123CD8621002DC54E /* Resources */,
				CD7F7BC79B1F0EF96438DFF8 /* [CP] Embed Pods Frameworks */,
			);
			buildRules = (
			);
			dependencies = (
			);
			name = "Snapchat Clone";
			productName = "Snapchat Clone";
			productReference = 10C5ADB323CD8621002DC54E /* Snapchat Clone.app */;
			productType = "com.apple.product-type.application";
		};
/* End PBXNativeTarget section */

/* Begin PBXProject section */
		10C5ADAB23CD8621002DC54E /* Project object */ = {
			isa = PBXProject;
			attributes = {
				LastSwiftUpdateCheck = 1120;
				LastUpgradeCheck = 1120;
				ORGANIZATIONNAME = "Jassem Al-Buloushi";
				TargetAttributes = {
					10C5ADB223CD8621002DC54E = {
						CreatedOnToolsVersion = 11.2.1;
					};
				};
			};
			buildConfigurationList = 10C5ADAE23CD8621002DC54E /* Build configuration list for PBXProject "Snapchat Clone" */;
			compatibilityVersion = "Xcode 9.3";
			developmentRegion = en;
			hasScannedForEncodings = 0;
			knownRegions = (
				en,
				Base,
			);
			mainGroup = 10C5ADAA23CD8621002DC54E;
			productRefGroup = 10C5ADB423CD8621002DC54E /* Products */;
			projectDirPath = "";
			projectRoot = "";
			targets = (
				10C5ADB223CD8621002DC54E /* Snapchat Clone */,
			);
		};
/* End PBXProject section */

/* Begin PBXResourcesBuildPhase section */
		10C5ADB123CD8621002DC54E /* Resources */ = {
			isa = PBXResourcesBuildPhase;
			buildActionMask = 2147483647;
			files = (
				10C5ADC323CD8623002DC54E /* LaunchScreen.storyboard in Resources */,
				10C5ADCB23CD86AA002DC54E /* GoogleService-Info.plist in Resources */,
				10C5ADC023CD8623002DC54E /* Assets.xcassets in Resources */,
				10C5ADBE23CD8621002DC54E /* Main.storyboard in Resources */,
			);
			runOnlyForDeploymentPostprocessing = 0;
		};
/* End PBXResourcesBuildPhase section */

/* Begin PBXShellScriptBuildPhase section */
		CD7F7BC79B1F0EF96438DFF8 /* [CP] Embed Pods Frameworks */ = {
			isa = PBXShellScriptBuildPhase;
			buildActionMask = 2147483647;
			files = (
			);
			inputFileListPaths = (
				"${PODS_ROOT}/Target Support Files/Pods-Snapchat Clone/Pods-Snapchat Clone-frameworks-${CONFIGURATION}-input-files.xcfilelist",
			);
			name = "[CP] Embed Pods Frameworks";
			outputFileListPaths = (
				"${PODS_ROOT}/Target Support Files/Pods-Snapchat Clone/Pods-Snapchat Clone-frameworks-${CONFIGURATION}-output-files.xcfilelist",
			);
			runOnlyForDeploymentPostprocessing = 0;
			shellPath = /bin/sh;
			shellScript = "\"${PODS_ROOT}/Target Support Files/Pods-Snapchat Clone/Pods-Snapchat Clone-frameworks.sh\"\n";
			showEnvVarsInLog = 0;
		};
		F15E53C7121882CFC7896E35 /* [CP] Check Pods Manifest.lock */ = {
			isa = PBXShellScriptBuildPhase;
			buildActionMask = 2147483647;
			files = (
			);
			inputFileListPaths = (
			);
			inputPaths = (
				"${PODS_PODFILE_DIR_PATH}/Podfile.lock",
				"${PODS_ROOT}/Manifest.lock",
			);
			name = "[CP] Check Pods Manifest.lock";
			outputFileListPaths = (
			);
			outputPaths = (
				"$(DERIVED_FILE_DIR)/Pods-Snapchat Clone-checkManifestLockResult.txt",
			);
			runOnlyForDeploymentPostprocessing = 0;
			shellPath = /bin/sh;
			shellScript = "diff \"${PODS_PODFILE_DIR_PATH}/Podfile.lock\" \"${PODS_ROOT}/Manifest.lock\" > /dev/null\nif [ $? != 0 ] ; then\n    # print error to STDERR\n    echo \"error: The sandbox is not in sync with the Podfile.lock. Run 'pod install' or update your CocoaPods installation.\" >&2\n    exit 1\nfi\n# This output is used by Xcode 'outputs' to avoid re-running this script phase.\necho \"SUCCESS\" > \"${SCRIPT_OUTPUT_FILE_0}\"\n";
			showEnvVarsInLog = 0;
		};
/* End PBXShellScriptBuildPhase section */

/* Begin PBXSourcesBuildPhase section */
		10C5ADAF23CD8621002DC54E /* Sources */ = {
			isa = PBXSourcesBuildPhase;
			buildActionMask = 2147483647;
			files = (
				10C5ADBB23CD8621002DC54E /* ViewController.swift in Sources */,
				10C5ADB723CD8621002DC54E /* AppDelegate.swift in Sources */,
				10C5ADB923CD8621002DC54E /* SceneDelegate.swift in Sources */,
			);
			runOnlyForDeploymentPostprocessing = 0;
		};
/* End PBXSourcesBuildPhase section */

/* Begin PBXVariantGroup section */
		10C5ADBC23CD8621002DC54E /* Main.storyboard */ = {
			isa = PBXVariantGroup;
			children = (
				10C5ADBD23CD8621002DC54E /* Base */,
			);
			name = Main.storyboard;
			sourceTree = "<group>";
		};
		10C5ADC123CD8623002DC54E /* LaunchScreen.storyboard */ = {
			isa = PBXVariantGroup;
			children = (
				10C5ADC223CD8623002DC54E /* Base */,
			);
			name = LaunchScreen.storyboard;
			sourceTree = "<group>";
		};
/* End PBXVariantGroup section */

/* Begin XCBuildConfiguration section */
		10C5ADC523CD8623002DC54E /* Debug */ = {
			isa = XCBuildConfiguration;
			buildSettings = {
				ALWAYS_SEARCH_USER_PATHS = NO;
				CLANG_ANALYZER_NONNULL = YES;
				CLANG_ANALYZER_NUMBER_OBJECT_CONVERSION = YES_AGGRESSIVE;
				CLANG_CXX_LANGUAGE_STANDARD = "gnu++14";
				CLANG_CXX_LIBRARY = "libc++";
				CLANG_ENABLE_MODULES = YES;
				CLANG_ENABLE_OBJC_ARC = YES;
				CLANG_ENABLE_OBJC_WEAK = YES;
				CLANG_WARN_BLOCK_CAPTURE_AUTORELEASING = YES;
				CLANG_WARN_BOOL_CONVERSION = YES;
				CLANG_WARN_COMMA = YES;
				CLANG_WARN_CONSTANT_CONVERSION = YES;
				CLANG_WARN_DEPRECATED_OBJC_IMPLEMENTATIONS = YES;
				CLANG_WARN_DIRECT_OBJC_ISA_USAGE = YES_ERROR;
				CLANG_WARN_DOCUMENTATION_COMMENTS = YES;
				CLANG_WARN_EMPTY_BODY = YES;
				CLANG_WARN_ENUM_CONVERSION = YES;
				CLANG_WARN_INFINITE_RECURSION = YES;
				CLANG_WARN_INT_CONVERSION = YES;
				CLANG_WARN_NON_LITERAL_NULL_CONVERSION = YES;
				CLANG_WARN_OBJC_IMPLICIT_RETAIN_SELF = YES;
				CLANG_WARN_OBJC_LITERAL_CONVERSION = YES;
				CLANG_WARN_OBJC_ROOT_CLASS = YES_ERROR;
				CLANG_WARN_RANGE_LOOP_ANALYSIS = YES;
				CLANG_WARN_STRICT_PROTOTYPES = YES;
				CLANG_WARN_SUSPICIOUS_MOVE = YES;
				CLANG_WARN_UNGUARDED_AVAILABILITY = YES_AGGRESSIVE;
				CLANG_WARN_UNREACHABLE_CODE = YES;
				CLANG_WARN__DUPLICATE_METHOD_MATCH = YES;
				COPY_PHASE_STRIP = NO;
				DEBUG_INFORMATION_FORMAT = dwarf;
				ENABLE_STRICT_OBJC_MSGSEND = YES;
				ENABLE_TESTABILITY = YES;
				GCC_C_LANGUAGE_STANDARD = gnu11;
				GCC_DYNAMIC_NO_PIC = NO;
				GCC_NO_COMMON_BLOCKS = YES;
				GCC_OPTIMIZATION_LEVEL = 0;
				GCC_PREPROCESSOR_DEFINITIONS = (
					"DEBUG=1",
					"$(inherited)",
				);
				GCC_WARN_64_TO_32_BIT_CONVERSION = YES;
				GCC_WARN_ABOUT_RETURN_TYPE = YES_ERROR;
				GCC_WARN_UNDECLARED_SELECTOR = YES;
				GCC_WARN_UNINITIALIZED_AUTOS = YES_AGGRESSIVE;
				GCC_WARN_UNUSED_FUNCTION = YES;
				GCC_WARN_UNUSED_VARIABLE = YES;
				IPHONEOS_DEPLOYMENT_TARGET = 13.2;
				MTL_ENABLE_DEBUG_INFO = INCLUDE_SOURCE;
				MTL_FAST_MATH = YES;
				ONLY_ACTIVE_ARCH = YES;
				SDKROOT = iphoneos;
				SWIFT_ACTIVE_COMPILATION_CONDITIONS = DEBUG;
				SWIFT_OPTIMIZATION_LEVEL = "-Onone";
			};
			name = Debug;
		};
		10C5ADC623CD8623002DC54E /* Release */ = {
			isa = XCBuildConfiguration;
			buildSettings = {
				ALWAYS_SEARCH_USER_PATHS = NO;
				CLANG_ANALYZER_NONNULL = YES;
				CLANG_ANALYZER_NUMBER_OBJECT_CONVERSION = YES_AGGRESSIVE;
				CLANG_CXX_LANGUAGE_STANDARD = "gnu++14";
				CLANG_CXX_LIBRARY = "libc++";
				CLANG_ENABLE_MODULES = YES;
				CLANG_ENABLE_OBJC_ARC = YES;
				CLANG_ENABLE_OBJC_WEAK = YES;
				CLANG_WARN_BLOCK_CAPTURE_AUTORELEASING = YES;
				CLANG_WARN_BOOL_CONVERSION = YES;
				CLANG_WARN_COMMA = YES;
				CLANG_WARN_CONSTANT_CONVERSION = YES;
				CLANG_WARN_DEPRECATED_OBJC_IMPLEMENTATIONS = YES;
				CLANG_WARN_DIRECT_OBJC_ISA_USAGE = YES_ERROR;
				CLANG_WARN_DOCUMENTATION_COMMENTS = YES;
				CLANG_WARN_EMPTY_BODY = YES;
				CLANG_WARN_ENUM_CONVERSION = YES;
				CLANG_WARN_INFINITE_RECURSION = YES;
				CLANG_WARN_INT_CONVERSION = YES;
				CLANG_WARN_NON_LITERAL_NULL_CONVERSION = YES;
				CLANG_WARN_OBJC_IMPLICIT_RETAIN_SELF = YES;
				CLANG_WARN_OBJC_LITERAL_CONVERSION = YES;
				CLANG_WARN_OBJC_ROOT_CLASS = YES_ERROR;
				CLANG_WARN_RANGE_LOOP_ANALYSIS = YES;
				CLANG_WARN_STRICT_PROTOTYPES = YES;
				CLANG_WARN_SUSPICIOUS_MOVE = YES;
				CLANG_WARN_UNGUARDED_AVAILABILITY = YES_AGGRESSIVE;
				CLANG_WARN_UNREACHABLE_CODE = YES;
				CLANG_WARN__DUPLICATE_METHOD_MATCH = YES;
				COPY_PHASE_STRIP = NO;
				DEBUG_INFORMATION_FORMAT = "dwarf-with-dsym";
				ENABLE_NS_ASSERTIONS = NO;
				ENABLE_STRICT_OBJC_MSGSEND = YES;
				GCC_C_LANGUAGE_STANDARD = gnu11;
				GCC_NO_COMMON_BLOCKS = YES;
				GCC_WARN_64_TO_32_BIT_CONVERSION = YES;
				GCC_WARN_ABOUT_RETURN_TYPE = YES_ERROR;
				GCC_WARN_UNDECLARED_SELECTOR = YES;
				GCC_WARN_UNINITIALIZED_AUTOS = YES_AGGRESSIVE;
				GCC_WARN_UNUSED_FUNCTION = YES;
				GCC_WARN_UNUSED_VARIABLE = YES;
				IPHONEOS_DEPLOYMENT_TARGET = 13.2;
				MTL_ENABLE_DEBUG_INFO = NO;
				MTL_FAST_MATH = YES;
				SDKROOT = iphoneos;
				SWIFT_COMPILATION_MODE = wholemodule;
				SWIFT_OPTIMIZATION_LEVEL = "-O";
				VALIDATE_PRODUCT = YES;
			};
			name = Release;
		};
		10C5ADC823CD8623002DC54E /* Debug */ = {
			isa = XCBuildConfiguration;
			baseConfigurationReference = 185E711461D16A50D23281DE /* Pods-Snapchat Clone.debug.xcconfig */;
			buildSettings = {
				ASSETCATALOG_COMPILER_APPICON_NAME = AppIcon;
				CODE_SIGN_STYLE = Automatic;
				DEVELOPMENT_TEAM = 29BTJSV9FH;
				INFOPLIST_FILE = "Snapchat Clone/Info.plist";
				LD_RUNPATH_SEARCH_PATHS = (
					"$(inherited)",
					"@executable_path/Frameworks",
				);
				PRODUCT_BUNDLE_IDENTIFIER = "com.jassemalbuloushi.Snapchat-Clone";
				PRODUCT_NAME = "$(TARGET_NAME)";
				SWIFT_VERSION = 5.0;
				TARGETED_DEVICE_FAMILY = "1,2";
			};
			name = Debug;
		};
		10C5ADC923CD8623002DC54E /* Release */ = {
			isa = XCBuildConfiguration;
			baseConfigurationReference = 64C5097E8958FDC7E0AA8424 /* Pods-Snapchat Clone.release.xcconfig */;
			buildSettings = {
				ASSETCATALOG_COMPILER_APPICON_NAME = AppIcon;
				CODE_SIGN_STYLE = Automatic;
				DEVELOPMENT_TEAM = 29BTJSV9FH;
				INFOPLIST_FILE = "Snapchat Clone/Info.plist";
				LD_RUNPATH_SEARCH_PATHS = (
					"$(inherited)",
					"@executable_path/Frameworks",
				);
				PRODUCT_BUNDLE_IDENTIFIER = "com.jassemalbuloushi.Snapchat-Clone";
				PRODUCT_NAME = "$(TARGET_NAME)";
				SWIFT_VERSION = 5.0;
				TARGETED_DEVICE_FAMILY = "1,2";
			};
			name = Release;
		};
/* End XCBuildConfiguration section */

/* Begin XCConfigurationList section */
		10C5ADAE23CD8621002DC54E /* Build configuration list for PBXProject "Snapchat Clone" */ = {
			isa = XCConfigurationList;
			buildConfigurations = (
				10C5ADC523CD8623002DC54E /* Debug */,
				10C5ADC623CD8623002DC54E /* Release */,
			);
			defaultConfigurationIsVisible = 0;
			defaultConfigurationName = Release;
		};
		10C5ADC723CD8623002DC54E /* Build configuration list for PBXNativeTarget "Snapchat Clone" */ = {
			isa = XCConfigurationList;
			buildConfigurations = (
				10C5ADC823CD8623002DC54E /* Debug */,
				10C5ADC923CD8623002DC54E /* Release */,
			);
			defaultConfigurationIsVisible = 0;
			defaultConfigurationName = Release;
		};
/* End XCConfigurationList section */
	};
	rootObject = 10C5ADAB23CD8621002DC54E /* Project object */;
}
